// !$*UTF8*$!
{
	archiveVersion = 1;
	classes = {
	};
	objectVersion = 46;
	objects = {

/* Begin PBXBuildFile section */
		E7519BBA1DD51EEF00D9968A /* AppDelegate.swift in Sources */ = {isa = PBXBuildFile; fileRef = E7519BB91DD51EEF00D9968A /* AppDelegate.swift */; };
		E7519BBC1DD51EEF00D9968A /* TaskListViewController.swift in Sources */ = {isa = PBXBuildFile; fileRef = E7519BBB1DD51EEF00D9968A /* TaskListViewController.swift */; };
		E7519BC11DD51EEF00D9968A /* Main.storyboard in Resources */ = {isa = PBXBuildFile; fileRef = E7519BBF1DD51EEF00D9968A /* Main.storyboard */; };
		E7519BC31DD51EEF00D9968A /* Assets.xcassets in Resources */ = {isa = PBXBuildFile; fileRef = E7519BC21DD51EEF00D9968A /* Assets.xcassets */; };
		E7519BC61DD51EEF00D9968A /* LaunchScreen.storyboard in Resources */ = {isa = PBXBuildFile; fileRef = E7519BC41DD51EEF00D9968A /* LaunchScreen.storyboard */; };
/* End PBXBuildFile section */

/* Begin PBXFileReference section */
		E7519BB61DD51EEF00D9968A /* Task and Rewards.app */ = {isa = PBXFileReference; explicitFileType = wrapper.application; includeInIndex = 0; path = "Task and Rewards.app"; sourceTree = BUILT_PRODUCTS_DIR; };
		E7519BB91DD51EEF00D9968A /* AppDelegate.swift */ = {isa = PBXFileReference; lastKnownFileType = sourcecode.swift; path = AppDelegate.swift; sourceTree = "<group>"; };
		E7519BBB1DD51EEF00D9968A /* TaskListViewController.swift */ = {isa = PBXFileReference; lastKnownFileType = sourcecode.swift; path = TaskListViewController.swift; sourceTree = "<group>"; };
		E7519BC01DD51EEF00D9968A /* Base */ = {isa = PBXFileReference; lastKnownFileType = file.storyboard; name = Base; path = Base.lproj/Main.storyboard; sourceTree = "<group>"; };
		E7519BC21DD51EEF00D9968A /* Assets.xcassets */ = {isa = PBXFileReference; lastKnownFileType = folder.assetcatalog; path = Assets.xcassets; sourceTree = "<group>"; };
		E7519BC51DD51EEF00D9968A /* Base */ = {isa = PBXFileReference; lastKnownFileType = file.storyboard; name = Base; path = Base.lproj/LaunchScreen.storyboard; sourceTree = "<group>"; };
		E7519BC71DD51EEF00D9968A /* Info.plist */ = {isa = PBXFileReference; lastKnownFileType = text.plist.xml; path = Info.plist; sourceTree = "<group>"; };
/* End PBXFileReference section */

/* Begin PBXFrameworksBuildPhase section */
		E7519BB31DD51EEF00D9968A /* Frameworks */ = {
			isa = PBXFrameworksBuildPhase;
			buildActionMask = 2147483647;
			files = (
			);
			runOnlyForDeploymentPostprocessing = 0;
		};
/* End PBXFrameworksBuildPhase section */

/* Begin PBXGroup section */
		E7519BAD1DD51EEF00D9968A = {
			isa = PBXGroup;
			children = (
				E7519BB81DD51EEF00D9968A /* Task and Rewards */,
				E7519BB71DD51EEF00D9968A /* Products */,
			);
			sourceTree = "<group>";
		};
		E7519BB71DD51EEF00D9968A /* Products */ = {
			isa = PBXGroup;
			children = (
				E7519BB61DD51EEF00D9968A /* Task and Rewards.app */,
			);
			name = Products;
			sourceTree = "<group>";
		};
		E7519BB81DD51EEF00D9968A /* Task and Rewards */ = {
			isa = PBXGroup;
			children = (
				E7519BB91DD51EEF00D9968A /* AppDelegate.swift */,
				E7519BBB1DD51EEF00D9968A /* TaskListViewController.swift */,
				E7519BBF1DD51EEF00D9968A /* Main.storyboard */,
				E7519BC21DD51EEF00D9968A /* Assets.xcassets */,
				E7519BC41DD51EEF00D9968A /* LaunchScreen.storyboard */,
				E7519BC71DD51EEF00D9968A /* Info.plist */,
			);
			path = "Task and Rewards";
			sourceTree = "<group>";
		};
/* End PBXGroup section */

/* Begin PBXNativeTarget section */
		E7519BB51DD51EEF00D9968A /* Task and Rewards */ = {
			isa = PBXNativeTarget;
			buildConfigurationList = E7519BCA1DD51EEF00D9968A /* Build configuration list for PBXNativeTarget "Task and Rewards" */;
			buildPhases = (
				E7519BB21DD51EEF00D9968A /* Sources */,
				E7519BB31DD51EEF00D9968A /* Frameworks */,
				E7519BB41DD51EEF00D9968A /* Resources */,
			);
			buildRules = (
			);
			dependencies = (
			);
			name = "Task and Rewards";
			productName = "Task and Rewards";
			productReference = E7519BB61DD51EEF00D9968A /* Task and Rewards.app */;
			productType = "com.apple.product-type.application";
		};
/* End PBXNativeTarget section */

/* Begin PBXProject section */
		E7519BAE1DD51EEF00D9968A /* Project object */ = {
			isa = PBXProject;
			attributes = {
				LastSwiftUpdateCheck = 0810;
				LastUpgradeCheck = 0810;
				ORGANIZATIONNAME = "Qiao Zhang";
				TargetAttributes = {
					E7519BB51DD51EEF00D9968A = {
						CreatedOnToolsVersion = 8.1;
						DevelopmentTeam = TPC8G69FDM;
						ProvisioningStyle = Automatic;
					};
				};
			};
			buildConfigurationList = E7519BB11DD51EEF00D9968A /* Build configuration list for PBXProject "Task and Rewards" */;
			compatibilityVersion = "Xcode 3.2";
			developmentRegion = English;
			hasScannedForEncodings = 0;
			knownRegions = (
				en,
				Base,
			);
			mainGroup = E7519BAD1DD51EEF00D9968A;
			productRefGroup = E7519BB71DD51EEF00D9968A /* Products */;
			projectDirPath = "";
			projectRoot = "";
			targets = (
				E7519BB51DD51EEF00D9968A /* Task and Rewards */,
			);
		};
/* End PBXProject section */

/* Begin PBXResourcesBuildPhase section */
		E7519BB41DD51EEF00D9968A /* Resources */ = {
			isa = PBXResourcesBuildPhase;
			buildActionMask = 2147483647;
			files = (
				E7519BC61DD51EEF00D9968A /* LaunchScreen.storyboard in Resources */,
				E7519BC31DD51EEF00D9968A /* Assets.xcassets in Resources */,
				E7519BC11DD51EEF00D9968A /* Main.storyboard in Resources */,
			);
			runOnlyForDeploymentPostprocessing = 0;
		};
/* End PBXResourcesBuildPhase section */

/* Begin PBXSourcesBuildPhase section */
		E7519BB21DD51EEF00D9968A /* Sources */ = {
			isa = PBXSourcesBuildPhase;
			buildActionMask = 2147483647;
			files = (
				E7519BBA1DD51EEF00D9968A /* AppDelegate.swift in Sources */,
				E7519BBC1DD51EEF00D9968A /* TaskListViewController.swift in Sources */,
			);
			runOnlyForDeploymentPostprocessing = 0;
		};
/* End PBXSourcesBuildPhase section */

/* Begin PBXVariantGroup section */
		E7519BBF1DD51EEF00D9968A /* Main.storyboard */ = {
			isa = PBXVariantGroup;
			children = (
				E7519BC01DD51EEF00D9968A /* Base */,
			);
			name = Main.storyboard;
			sourceTree = "<group>";
		};
		E7519BC41DD51EEF00D9968A /* LaunchScreen.storyboard */ = {
			isa = PBXVariantGroup;
			children = (
				E7519BC51DD51EEF00D9968A /* Base */,
			);
			name = LaunchScreen.storyboard;
			sourceTree = "<group>";
		};
/* End PBXVariantGroup section */

/* Begin XCBuildConfiguration section */
		E7519BC81DD51EEF00D9968A /* Debug */ = {
			isa = XCBuildConfiguration;
			buildSettings = {
				ALWAYS_SEARCH_USER_PATHS = NO;
				CLANG_ANALYZER_NONNULL = YES;
				CLANG_CXX_LANGUAGE_STANDARD = "gnu++0x";
				CLANG_CXX_LIBRARY = "libc++";
				CLANG_ENABLE_MODULES = YES;
				CLANG_ENABLE_OBJC_ARC = YES;
				CLANG_WARN_BOOL_CONVERSION = YES;
				CLANG_WARN_CONSTANT_CONVERSION = YES;
				CLANG_WARN_DIRECT_OBJC_ISA_USAGE = YES_ERROR;
				CLANG_WARN_DOCUMENTATION_COMMENTS = YES;
				CLANG_WARN_EMPTY_BODY = YES;
				CLANG_WARN_ENUM_CONVERSION = YES;
				CLANG_WARN_INFINITE_RECURSION = YES;
				CLANG_WARN_INT_CONVERSION = YES;
				CLANG_WARN_OBJC_ROOT_CLASS = YES_ERROR;
				CLANG_WARN_SUSPICIOUS_MOVES = YES;
				CLANG_WARN_UNREACHABLE_CODE = YES;
				CLANG_WARN__DUPLICATE_METHOD_MATCH = YES;
				"CODE_SIGN_IDENTITY[sdk=iphoneos*]" = "iPhone Developer";
				COPY_PHASE_STRIP = NO;
				DEBUG_INFORMATION_FORMAT = dwarf;
				ENABLE_STRICT_OBJC_MSGSEND = YES;
				ENABLE_TESTABILITY = YES;
				GCC_C_LANGUAGE_STANDARD = gnu99;
				GCC_DYNAMIC_NO_PIC = NO;
				GCC_NO_COMMON_BLOCKS = YES;
				GCC_OPTIMIZATION_LEVEL = 0;
				GCC_PREPROCESSOR_DEFINITIONS = (
					"DEBUG=1",
					"$(inherited)",
				);
				GCC_WARN_64_TO_32_BIT_CONVERSION = YES;
				GCC_WARN_ABOUT_RETURN_TYPE = YES_ERROR;
				GCC_WARN_UNDECLARED_SELECTOR = YES;
				GCC_WARN_UNINITIALIZED_AUTOS = YES_AGGRESSIVE;
				GCC_WARN_UNUSED_FUNCTION = YES;
				GCC_WARN_UNUSED_VARIABLE = YES;
				IPHONEOS_DEPLOYMENT_TARGET = 10.1;
				MTL_ENABLE_DEBUG_INFO = YES;
				ONLY_ACTIVE_ARCH = YES;
				SDKROOT = iphoneos;
				SWIFT_ACTIVE_COMPILATION_CONDITIONS = DEBUG;
				SWIFT_OPTIMIZATION_LEVEL = "-Onone";
			};
			name = Debug;
		};
		E7519BC91DD51EEF00D9968A /* Release */ = {
			isa = XCBuildConfiguration;
			buildSettings = {
				ALWAYS_SEARCH_USER_PATHS = NO;
				CLANG_ANALYZER_NONNULL = YES;
				CLANG_CXX_LANGUAGE_STANDARD = "gnu++0x";
				CLANG_CXX_LIBRARY = "libc++";
				CLANG_ENABLE_MODULES = YES;
				CLANG_ENABLE_OBJC_ARC = YES;
				CLANG_WARN_BOOL_CONVERSION = YES;
				CLANG_WARN_CONSTANT_CONVERSION = YES;
				CLANG_WARN_DIRECT_OBJC_ISA_USAGE = YES_ERROR;
				CLANG_WARN_DOCUMENTATION_COMMENTS = YES;
				CLANG_WARN_EMPTY_BODY = YES;
				CLANG_WARN_ENUM_CONVERSION = YES;
				CLANG_WARN_INFINITE_RECURSION = YES;
				CLANG_WARN_INT_CONVERSION = YES;
				CLANG_WARN_OBJC_ROOT_CLASS = YES_ERROR;
				CLANG_WARN_SUSPICIOUS_MOVES = YES;
				CLANG_WARN_UNREACHABLE_CODE = YES;
				CLANG_WARN__DUPLICATE_METHOD_MATCH = YES;
				"CODE_SIGN_IDENTITY[sdk=iphoneos*]" = "iPhone Developer";
				COPY_PHASE_STRIP = NO;
				DEBUG_INFORMATION_FORMAT = "dwarf-with-dsym";
				ENABLE_NS_ASSERTIONS = NO;
				ENABLE_STRICT_OBJC_MSGSEND = YES;
				GCC_C_LANGUAGE_STANDARD = gnu99;
				GCC_NO_COMMON_BLOCKS = YES;
				GCC_WARN_64_TO_32_BIT_CONVERSION = YES;
				GCC_WARN_ABOUT_RETURN_TYPE = YES_ERROR;
				GCC_WARN_UNDECLARED_SELECTOR = YES;
				GCC_WARN_UNINITIALIZED_AUTOS = YES_AGGRESSIVE;
				GCC_WARN_UNUSED_FUNCTION = YES;
				GCC_WARN_UNUSED_VARIABLE = YES;
				IPHONEOS_DEPLOYMENT_TARGET = 10.1;
				MTL_ENABLE_DEBUG_INFO = NO;
				SDKROOT = iphoneos;
				SWIFT_OPTIMIZATION_LEVEL = "-Owholemodule";
				VALIDATE_PRODUCT = YES;
			};
			name = Release;
		};
		E7519BCB1DD51EEF00D9968A /* Debug */ = {
			isa = XCBuildConfiguration;
			buildSettings = {
				ASSETCATALOG_COMPILER_APPICON_NAME = AppIcon;
				DEVELOPMENT_TEAM = TPC8G69FDM;
				INFOPLIST_FILE = "Task and Rewards/Info.plist";
				LD_RUNPATH_SEARCH_PATHS = "$(inherited) @executable_path/Frameworks";
				PRODUCT_BUNDLE_IDENTIFIER = "www.qiaozhang.Task-and-Rewards";
				PRODUCT_NAME = "$(TARGET_NAME)";
				SWIFT_VERSION = 3.0;
			};
			name = Debug;
		};
		E7519BCC1DD51EEF00D9968A /* Release */ = {
			isa = XCBuildConfiguration;
			buildSettings = {
				ASSETCATALOG_COMPILER_APPICON_NAME = AppIcon;
				DEVELOPMENT_TEAM = TPC8G69FDM;
				INFOPLIST_FILE = "Task and Rewards/Info.plist";
				LD_RUNPATH_SEARCH_PATHS = "$(inherited) @executable_path/Frameworks";
				PRODUCT_BUNDLE_IDENTIFIER = "www.qiaozhang.Task-and-Rewards";
				PRODUCT_NAME = "$(TARGET_NAME)";
				SWIFT_VERSION = 3.0;
			};
			name = Release;
		};
/* End XCBuildConfiguration section */

/* Begin XCConfigurationList section */
		E7519BB11DD51EEF00D9968A /* Build configuration list for PBXProject "Task and Rewards" */ = {
			isa = XCConfigurationList;
			buildConfigurations = (
				E7519BC81DD51EEF00D9968A /* Debug */,
				E7519BC91DD51EEF00D9968A /* Release */,
			);
			defaultConfigurationIsVisible = 0;
			defaultConfigurationName = Release;
		};
		E7519BCA1DD51EEF00D9968A /* Build configuration list for PBXNativeTarget "Task and Rewards" */ = {
			isa = XCConfigurationList;
			buildConfigurations = (
				E7519BCB1DD51EEF00D9968A /* Debug */,
				E7519BCC1DD51EEF00D9968A /* Release */,
			);
			defaultConfigurationIsVisible = 0;
			defaultConfigurationName = Release;
		};
/* End XCConfigurationList section */
	};
	rootObject = E7519BAE1DD51EEF00D9968A /* Project object */;
}
